
Microsoft Visual Studio Solution File, Format Version 12.00
# Visual Studio 14
VisualStudioVersion = 14.0.25420.1
MinimumVisualStudioVersion = 10.0.40219.1
Project("{FAE04EC0-301F-11D3-BF4B-00C04F79EFBC}") = "AerolineaCMKI_WF", "AerolineaCMKI\AerolineaCMKI_WF.csproj", "{1C732E1D-EF80-43E7-8EAF-D9ABBA6A8EAD}"
EndProject
Project("{FAE04EC0-301F-11D3-BF4B-00C04F79EFBC}") = "AerolineaCMKI_Datos", "AerolineaCMKI_Datos\AerolineaCMKI_Datos.csproj", "{A3DCA33F-E15D-4BF1-AF61-BCF2BB5753DC}"
EndProject
Project("{FAE04EC0-301F-11D3-BF4B-00C04F79EFBC}") = "AerolineaCMKI_Negocio", "AerolineaCMKI_Negocio\AerolineaCMKI_Negocio.csproj", "{C5773619-BAD3-459F-BB43-9132350CB0A9}"
EndProject
Project("{FAE04EC0-301F-11D3-BF4B-00C04F79EFBC}") = "AerolineaCMKI_Global", "AerolineaCMKI_Global\AerolineaCMKI_Global.csproj", "{EE53F420-62F5-4FFF-90C2-AA660B11413C}"
EndProject
Global
	GlobalSection(SolutionConfigurationPlatforms) = preSolution
		Debug|Any CPU = Debug|Any CPU
		Release|Any CPU = Release|Any CPU
	EndGlobalSection
	GlobalSection(ProjectConfigurationPlatforms) = postSolution
		{1C732E1D-EF80-43E7-8EAF-D9ABBA6A8EAD}.Debug|Any CPU.ActiveCfg = Debug|Any CPU
		{1C732E1D-EF80-43E7-8EAF-D9ABBA6A8EAD}.Debug|Any CPU.Build.0 = Debug|Any CPU
		{1C732E1D-EF80-43E7-8EAF-D9ABBA6A8EAD}.Release|Any CPU.ActiveCfg = Release|Any CPU
		{1C732E1D-EF80-43E7-8EAF-D9ABBA6A8EAD}.Release|Any CPU.Build.0 = Release|Any CPU
		{A3DCA33F-E15D-4BF1-AF61-BCF2BB5753DC}.Debug|Any CPU.ActiveCfg = Debug|Any CPU
		{A3DCA33F-E15D-4BF1-AF61-BCF2BB5753DC}.Debug|Any CPU.Build.0 = Debug|Any CPU
		{A3DCA33F-E15D-4BF1-AF61-BCF2BB5753DC}.Release|Any CPU.ActiveCfg = Release|Any CPU
		{A3DCA33F-E15D-4BF1-AF61-BCF2BB5753DC}.Release|Any CPU.Build.0 = Release|Any CPU
		{C5773619-BAD3-459F-BB43-9132350CB0A9}.Debug|Any CPU.ActiveCfg = Debug|Any CPU
		{C5773619-BAD3-459F-BB43-9132350CB0A9}.Debug|Any CPU.Build.0 = Debug|Any CPU
		{C5773619-BAD3-459F-BB43-9132350CB0A9}.Release|Any CPU.ActiveCfg = Release|Any CPU
		{C5773619-BAD3-459F-BB43-9132350CB0A9}.Release|Any CPU.Build.0 = Release|Any CPU
		{EE53F420-62F5-4FFF-90C2-AA660B11413C}.Debug|Any CPU.ActiveCfg = Debug|Any CPU
		{EE53F420-62F5-4FFF-90C2-AA660B11413C}.Debug|Any CPU.Build.0 = Debug|Any CPU
		{EE53F420-62F5-4FFF-90C2-AA660B11413C}.Release|Any CPU.ActiveCfg = Release|Any CPU
		{EE53F420-62F5-4FFF-90C2-AA660B11413C}.Release|Any CPU.Build.0 = Release|Any CPU
	EndGlobalSection
	GlobalSection(SolutionProperties) = preSolution
		HideSolutionNode = FALSE
	EndGlobalSection
EndGlobal
