
Microsoft Visual Studio Solution File, Format Version 12.00
# Visual Studio 15
VisualStudioVersion = 15.0.28010.2048
MinimumVisualStudioVersion = 10.0.40219.1
Project("{FAE04EC0-301F-11D3-BF4B-00C04F79EFBC}") = "AerolineaCMKI_WF", "AerolineaCMKI\AerolineaCMKI_WF.csproj", "{1C732E1D-EF80-43E7-8EAF-D9ABBA6A8EAD}"
EndProject
Project("{FAE04EC0-301F-11D3-BF4B-00C04F79EFBC}") = "AerolineaCMKI_Datos", "AerolineaCMKI_Datos\AerolineaCMKI_Datos.csproj", "{A3DCA33F-E15D-4BF1-AF61-BCF2BB5753DC}"
EndProject
Project("{FAE04EC0-301F-11D3-BF4B-00C04F79EFBC}") = "AerolineaCMKI_Negocio", "AerolineaCMKI_Negocio\AerolineaCMKI_Negocio.csproj", "{C5773619-BAD3-459F-BB43-9132350CB0A9}"
EndProject
Global
	GlobalSection(SolutionConfigurationPlatforms) = preSolution
		Debug|Any CPU = Debug|Any CPU
		Release|Any CPU = Release|Any CPU
	EndGlobalSection
	GlobalSection(ProjectConfigurationPlatforms) = postSolution
		{1C732E1D-EF80-43E7-8EAF-D9ABBA6A8EAD}.Debug|Any CPU.ActiveCfg = Debug|Any CPU
		{1C732E1D-EF80-43E7-8EAF-D9ABBA6A8EAD}.Debug|Any CPU.Build.0 = Debug|Any CPU
		{1C732E1D-EF80-43E7-8EAF-D9ABBA6A8EAD}.Release|Any CPU.ActiveCfg = Release|Any CPU
		{1C732E1D-EF80-43E7-8EAF-D9ABBA6A8EAD}.Release|Any CPU.Build.0 = Release|Any CPU
		{A3DCA33F-E15D-4BF1-AF61-BCF2BB5753DC}.Debug|Any CPU.ActiveCfg = Debug|Any CPU
		{A3DCA33F-E15D-4BF1-AF61-BCF2BB5753DC}.Debug|Any CPU.Build.0 = Debug|Any CPU
		{A3DCA33F-E15D-4BF1-AF61-BCF2BB5753DC}.Release|Any CPU.ActiveCfg = Release|Any CPU
		{A3DCA33F-E15D-4BF1-AF61-BCF2BB5753DC}.Release|Any CPU.Build.0 = Release|Any CPU
		{C5773619-BAD3-459F-BB43-9132350CB0A9}.Debug|Any CPU.ActiveCfg = Debug|Any CPU
		{C5773619-BAD3-459F-BB43-9132350CB0A9}.Debug|Any CPU.Build.0 = Debug|Any CPU
		{C5773619-BAD3-459F-BB43-9132350CB0A9}.Release|Any CPU.ActiveCfg = Release|Any CPU
		{C5773619-BAD3-459F-BB43-9132350CB0A9}.Release|Any CPU.Build.0 = Release|Any CPU
	EndGlobalSection
	GlobalSection(SolutionProperties) = preSolution
		HideSolutionNode = FALSE
	EndGlobalSection
	GlobalSection(ExtensibilityGlobals) = postSolution
		SolutionGuid = {72A37AAD-582A-4321-8E3B-93151B1B0B93}
	EndGlobalSection
EndGlobal
